# This file is autogenerated, do not edit; changes may be undone by the next 'dep ensure'.


[[projects]]
  digest = "1:e3317b0081b67d520cc9756fb2b533b7a5d449c09d0571af76a0a9423bb1b608"
  name = "cloud.google.com/go"
  packages = ["compute/metadata"]
  pruneopts = "T"
  revision = "debcad1964693daf8ef4bc06292d7e828e075130"
  version = "v0.31.0"

[[projects]]
  digest = "1:bd3632deea7c224314b504dc51fbd244a59163e89c0cb730877d51bb13f5f74a"
  name = "github.com/PuerkitoBio/purell"
  packages = ["."]
  pruneopts = "T"
  revision = "44968752391892e1b0d0b821ee79e9a85fa13049"
  version = "v1.1.1"

[[projects]]
  branch = "master"
  digest = "1:c739832d67eb1e9cc478a19cc1a1ccd78df0397bf8a32978b759152e205f644b"
  name = "github.com/PuerkitoBio/urlesc"
  packages = ["."]
  pruneopts = "T"
  revision = "de5bf2ad457846296e2031421a34e2568e304e35"

[[projects]]
  branch = "master"
  digest = "1:95197dfe44157a59ca91bffb8faa59a14f220806a3ed394d35a39c72180f8e36"
  name = "github.com/alecthomas/template"
  packages = [
    ".",
    "parse",
  ]
  pruneopts = "T"
  revision = "a0175ee3bccc567396460bf5acd36800cb10c49c"

[[projects]]
  branch = "master"
  digest = "1:c198fdc381e898e8fb62b8eb62758195091c313ad18e52a3067366e1dda2fb3c"
  name = "github.com/alecthomas/units"
  packages = ["."]
  pruneopts = "T"
  revision = "2efee857e7cfd4f3d0138cc3cbb1b4966962b93a"

[[projects]]
  digest = "1:464aef731a5f82ded547c62e249a2e9ec59fbbc9ddab53cda7b9857852630a61"
  name = "github.com/appscode/jsonpatch"
  packages = ["."]
  pruneopts = "T"
  revision = "7c0e3b262f30165a8ec3d0b4c6059fd92703bfb2"
  version = "1.0.0"

[[projects]]
  digest = "1:daae01a0cdabc576ecb8b0bb6b9d67e3398e1f7ba0c3eee53578b4624570aaa0"
  name = "github.com/aws/aws-sdk-go"
  packages = [
    "aws",
    "aws/awserr",
    "aws/awsutil",
    "aws/client",
    "aws/client/metadata",
    "aws/corehandlers",
    "aws/credentials",
    "aws/credentials/ec2rolecreds",
    "aws/credentials/endpointcreds",
    "aws/credentials/stscreds",
    "aws/csm",
    "aws/defaults",
    "aws/ec2metadata",
    "aws/endpoints",
    "aws/request",
    "aws/session",
    "aws/signer/v4",
    "internal/ini",
    "internal/sdkio",
    "internal/sdkrand",
    "internal/sdkuri",
    "internal/shareddefaults",
    "private/protocol",
    "private/protocol/ec2query",
    "private/protocol/query",
    "private/protocol/query/queryutil",
    "private/protocol/rest",
    "private/protocol/xml/xmlutil",
    "service/ec2",
    "service/ec2/ec2iface",
    "service/elb",
    "service/elb/elbiface",
    "service/elbv2",
    "service/elbv2/elbv2iface",
    "service/sts",
  ]
  pruneopts = "T"
  revision = "870fa4307c5f57c14153c695df7b87af1acdcbf1"
  version = "v1.15.66"

[[projects]]
  branch = "master"
  digest = "1:ad4589ec239820ee99eb01c1ad47ebc5f8e02c4f5103a9b210adff9696d89f36"
  name = "github.com/beorn7/perks"
  packages = ["quantile"]
  pruneopts = "T"
  revision = "3a771d992973f24aa725d07868b467d1ddfceafb"

[[projects]]
  digest = "1:76c2e7829a529425078ded6db0e72fcb26d9f555fd98a916989629c378a5f9f8"
  name = "github.com/blang/semver"
  packages = ["."]
  pruneopts = "T"
  revision = "2ee87856327ba09384cabd113bc6b5d174e9ec0f"
  version = "v3.5.1"

[[projects]]
  digest = "1:9f42202ac457c462ad8bb9642806d275af9ab4850cf0b1960b9c6f083d4a309a"
  name = "github.com/davecgh/go-spew"
  packages = ["spew"]
  pruneopts = "T"
  revision = "8991bc29aa16c548c550c7ff78260e27b9ab7c73"
  version = "v1.1.1"

[[projects]]
  digest = "1:0ffd93121f3971aea43f6a26b3eaaa64c8af20fb0ff0731087d8dab7164af5a8"
  name = "github.com/emicklei/go-restful"
  packages = [
    ".",
    "log",
  ]
  pruneopts = "T"
  revision = "3eb9738c1697594ea6e71a7156a9bb32ed216cf0"
  version = "v2.8.0"

[[projects]]
  digest = "1:90171b862cb6ec187304a593e4d78bfcbcf0f4394870eb66e0eb62cc06b144ad"
  name = "github.com/evanphx/json-patch"
  packages = ["."]
  pruneopts = "T"
  revision = "72bf35d0ff611848c1dc9df0f976c81192392fa5"
  version = "v4.1.0"

[[projects]]
  digest = "1:2cd7915ab26ede7d95b8749e6b1f933f1c6d5398030684e6505940a10f31cfda"
  name = "github.com/ghodss/yaml"
  packages = ["."]
  pruneopts = "T"
  revision = "0ca9ea5df5451ffdf184b4428c902747c2c11cd7"
  version = "v1.0.0"

[[projects]]
  branch = "master"
  digest = "1:21a059c83c396c067fe8c0ecdcabe452ddd7b14504d41e8077a249002dc0a39b"
  name = "github.com/go-log/log"
  packages = [
    ".",
    "info",
  ]
  pruneopts = "T"
  revision = "a514cf01a3eb56ec6aff9ae5663453d990e68ed3"

[[projects]]
  branch = "master"
  digest = "1:65587005c6fa4293c0b8a2e457e689df7fda48cc5e1f5449ea2c1e7784551558"
  name = "github.com/go-logr/logr"
  packages = ["."]
  pruneopts = "T"
  revision = "9fb12b3b21c5415d16ac18dc5cd42c1cfdd40c4e"

[[projects]]
  digest = "1:701ec53dfa0182bf25e5c09e664906f11d697e779b59461a2607dbd4dc75a4f9"
  name = "github.com/go-openapi/jsonpointer"
  packages = ["."]
  pruneopts = "T"
  revision = "ef5f0afec364d3b9396b7b77b43dbe26bf1f8004"
  version = "v0.18.0"

[[projects]]
  digest = "1:3f17ebd557845adeb347c9e398394e96ebc18e0ec94cc04972be87851a4679e0"
  name = "github.com/go-openapi/jsonreference"
  packages = ["."]
  pruneopts = "T"
  revision = "8483a886a90412cd6858df4ea3483dce9c8e35a3"
  version = "v0.18.0"

[[projects]]
  digest = "1:aab0bf9ea37838fc396fa23a503c51f12335e3f571fe78e0025d35e498bf7689"
  name = "github.com/go-openapi/spec"
  packages = ["."]
  pruneopts = "T"
  revision = "5b6cdde3200976e3ecceb2868706ee39b6aff3e4"
  version = "v0.18.0"

[[projects]]
  digest = "1:1b0d6468099d6a5b331ce46f5a398ef368abc6220d79825baf03a672f9d4e816"
  name = "github.com/go-openapi/swag"
  packages = ["."]
  pruneopts = "T"
  revision = "1d29f06aebd59ccdf11ae04aa0334ded96e2d909"
  version = "v0.18.0"

[[projects]]
  digest = "1:883149c2b3962c5e30d79d7d717c341260cb579baef61202723745e8e23954e8"
  name = "github.com/gobuffalo/envy"
  packages = ["."]
  pruneopts = "T"
  revision = "e0b181c424e7ca1a36f6f2db4bdfd25ef3421e77"
  version = "v1.6.7"

[[projects]]
  digest = "1:da39f4a22829ca95e63566208e0ea42d6f055f41dff1b14fdab88d88f62df653"
  name = "github.com/gogo/protobuf"
  packages = [
    "proto",
    "sortkeys",
  ]
  pruneopts = "T"
  revision = "636bf0302bc95575d69441b25a2603156ffdddf1"
  version = "v1.1.1"

[[projects]]
  branch = "master"
  digest = "1:1ba1d79f2810270045c328ae5d674321db34e3aae468eb4233883b473c5c0467"
  name = "github.com/golang/glog"
  packages = ["."]
  pruneopts = "T"
  revision = "23def4e6c14b4da8ac2ed8007337bc5eb5007998"

[[projects]]
  branch = "master"
  digest = "1:8f3489cb7352125027252a6517757cbd1706523119f1e14e20741ae8d2f70428"
  name = "github.com/golang/groupcache"
  packages = ["lru"]
  pruneopts = "T"
  revision = "c65c006176ff7ff98bb916961c7abbc6b0afc0aa"

[[projects]]
  digest = "1:db4ee29dee022c4cd49908553e35dd1c1c01ac56273bdf0c66a18bfba2eead30"
  name = "github.com/golang/mock"
  packages = ["gomock"]
  pruneopts = "T"
  revision = "c34cdb4725f4c3844d095133c6e40e448b86589b"
  version = "v1.1.1"

[[projects]]
  digest = "1:a2ecb56e5053d942aafc86738915fb94c9131bac848c543b8b6764365fd69080"
  name = "github.com/golang/protobuf"
  packages = [
    "proto",
    "ptypes",
    "ptypes/any",
    "ptypes/duration",
    "ptypes/timestamp",
  ]
  pruneopts = "T"
  revision = "aa810b61a9c79d51363740d207bb46cf8e620ed5"
  version = "v1.2.0"

[[projects]]
  branch = "master"
  digest = "1:3ee90c0d94da31b442dde97c99635aaafec68d0b8a3c12ee2075c6bdabeec6bb"
  name = "github.com/google/gofuzz"
  packages = ["."]
  pruneopts = "T"
  revision = "24818f796faf91cd76ec7bddd72458fbced7a6c1"

[[projects]]
  digest = "1:3a26588bc48b96825977c1b3df964f8fd842cd6860cc26370588d3563433cf11"
  name = "github.com/google/uuid"
  packages = ["."]
  pruneopts = "T"
  revision = "d460ce9f8df2e77fb1ba55ca87fafed96c607494"
  version = "v1.0.0"

[[projects]]
  digest = "1:35735e2255fa34521c2a1355fb2a3a2300bc9949f487be1c1ce8ee8efcfa2d04"
  name = "github.com/googleapis/gnostic"
  packages = [
    "OpenAPIv2",
    "compiler",
    "extensions",
  ]
  pruneopts = "T"
  revision = "7c663266750e7d82587642f65e60bc4083f1f84e"
  version = "v0.2.0"

[[projects]]
  digest = "1:8ec8d88c248041a6df5f6574b87bc00e7e0b493881dad2e7ef47b11dc69093b5"
  name = "github.com/hashicorp/golang-lru"
  packages = [
    ".",
    "simplelru",
  ]
  pruneopts = "T"
  revision = "20f1fb78b0740ba8c3cb143a61e86ba5c8669768"
  version = "v0.5.0"

[[projects]]
  digest = "1:8f20c8dd713564fa97299fbcb77d729c6de9c33f3222812a76e6ecfaef80fd61"
  name = "github.com/hpcloud/tail"
  packages = [
    ".",
    "ratelimiter",
    "util",
    "watch",
    "winfile",
  ]
  pruneopts = "T"
  revision = "a30252cb686a21eb2d0b98132633053ec2f7f1e5"
  version = "v1.0.0"

[[projects]]
  digest = "1:3477d9dd8c135faab978bac762eaeafb31f28d6da97ef500d5c271966f74140a"
  name = "github.com/imdario/mergo"
  packages = ["."]
  pruneopts = "T"
  revision = "9f23e2d6bd2a77f959b2bf6acdbefd708a83a4a4"
  version = "v0.3.6"

[[projects]]
  digest = "1:870d441fe217b8e689d7949fef6e43efbc787e50f200cb1e70dbca9204a1d6be"
  name = "github.com/inconshreveable/mousetrap"
  packages = ["."]
  pruneopts = "T"
  revision = "76626ae9c91c4f2a10f34cad8ce83ea42c93bb75"
  version = "v1.0"

[[projects]]
  digest = "1:eebce3c1fad57b604c517ea649edd5dcbd2530f0f7e62ac0b7b232f2eacbcc88"
  name = "github.com/jmespath/go-jmespath"
  packages = ["."]
  pruneopts = "T"
  revision = "0b12d6b5"

[[projects]]
  digest = "1:ee5840274624ad20cac08227aeca582fbdaf3727ef9dd37ae935706240679e09"
  name = "github.com/joho/godotenv"
  packages = ["."]
  pruneopts = "T"
  revision = "23d116af351c84513e1946b527c88823e476be13"
  version = "v1.3.0"

[[projects]]
  digest = "1:5d713dbcad44f3358fec51fd5573d4f733c02cac5a40dcb177787ad5ffe9272f"
  name = "github.com/json-iterator/go"
  packages = ["."]
  pruneopts = "T"
  revision = "1624edc4454b8682399def8740d46db5e4362ba4"
  version = "v1.1.5"

[[projects]]
  digest = "1:0a69a1c0db3591fcefb47f115b224592c8dfa4368b7ba9fae509d5e16cdc95c8"
  name = "github.com/konsorten/go-windows-terminal-sequences"
  packages = ["."]
  pruneopts = "T"
  revision = "5c8c8bd35d3832f5d134ae1e1e375b69a4d25242"
  version = "v1.0.1"

[[projects]]
  branch = "master"
  digest = "1:173c1a4b67a54fb4d76311e3fb7eb8a586df8146ab39ca054ec330b6cc72f0cb"
  name = "github.com/mailru/easyjson"
  packages = [
    "buffer",
    "jlexer",
    "jwriter",
  ]
  pruneopts = "T"
  revision = "6243d8e04c3f819e79757e8bc3faa15c3cb27003"

[[projects]]
  digest = "1:3804a3a02964db8e6db3e5e7960ac1c1a9b12835642dd4f4ac4e56c749ec73eb"
  name = "github.com/markbates/inflect"
  packages = ["."]
  pruneopts = "T"
  revision = "24b83195037b3bc61fcda2d28b7b0518bce293b6"
  version = "v1.0.4"

[[projects]]
  digest = "1:a8e3d14801bed585908d130ebfc3b925ba642208e6f30d879437ddfc7bb9b413"
  name = "github.com/matttproud/golang_protobuf_extensions"
  packages = ["pbutil"]
  pruneopts = "T"
  revision = "c12348ce28de40eed0136aa2b644d0ee0650e56c"
  version = "v1.0.1"

[[projects]]
  digest = "1:33422d238f147d247752996a26574ac48dcf472976eda7f5134015f06bf16563"
  name = "github.com/modern-go/concurrent"
  packages = ["."]
  pruneopts = "T"
  revision = "bacd9c7ef1dd9b15be4a9909b8ac7a4e313eec94"
  version = "1.0.3"

[[projects]]
  digest = "1:e32bdbdb7c377a07a9a46378290059822efdce5c8d96fe71940d87cb4f918855"
  name = "github.com/modern-go/reflect2"
  packages = ["."]
  pruneopts = "T"
  revision = "4b7aa43c6742a2c18fdef89dd197aaae7dac7ccd"
  version = "1.0.1"

[[projects]]
  digest = "1:99ec7b4370b05816679fe9ae77f1f8af4eae3df0abaeef8c3d2d42d86f55f549"
  name = "github.com/onsi/ginkgo"
  packages = [
    ".",
    "config",
    "internal/codelocation",
    "internal/containernode",
    "internal/failer",
    "internal/leafnodes",
    "internal/remote",
    "internal/spec",
    "internal/spec_iterator",
    "internal/specrunner",
    "internal/suite",
    "internal/testingtproxy",
    "internal/writer",
    "reporters",
    "reporters/stenographer",
    "reporters/stenographer/support/go-colorable",
    "reporters/stenographer/support/go-isatty",
    "types",
  ]
  pruneopts = "T"
  revision = "3774a09d95489ccaa16032e0770d08ea77ba6184"
  version = "v1.6.0"

[[projects]]
  digest = "1:8dd7bb91b515b86408de9c0d553f14e97ffa21c65c643976242e63d11a28999a"
  name = "github.com/onsi/gomega"
  packages = [
    ".",
    "format",
    "gbytes",
    "gexec",
    "internal/assertion",
    "internal/asyncassertion",
    "internal/oraclematcher",
    "internal/testingtsupport",
    "matchers",
    "matchers/support/goraph/bipartitegraph",
    "matchers/support/goraph/edge",
    "matchers/support/goraph/node",
    "matchers/support/goraph/util",
    "types",
  ]
  pruneopts = "T"
  revision = "7615b9433f86a8bdf29709bf288bc4fd0636a369"
  version = "v1.4.2"

[[projects]]
  branch = "master"
  digest = "1:3ecf676e2aa3bf969e2ed88e29565b5c333e1490294907283df8f1ab345fe823"
  name = "github.com/openshift/api"
  packages = ["config/v1"]
  pruneopts = "T"
  revision = "81d064c11ff2d62705dbb09ed9ac200ef9557716"

[[projects]]
  branch = "openshift-4.2-cluster-api-0.1.0"
  digest = "1:54dfec845e2fb5631fa1fc556a677a473a7efe663df4a4808621dca5e0358b23"
  name = "github.com/openshift/cluster-api"
  packages = [
    "pkg/apis",
    "pkg/apis/cluster/common",
    "pkg/apis/cluster/v1alpha1",
    "pkg/apis/machine/common",
    "pkg/apis/machine/v1beta1",
    "pkg/client/clientset_generated/clientset",
    "pkg/client/clientset_generated/clientset/scheme",
    "pkg/client/clientset_generated/clientset/typed/cluster/v1alpha1",
    "pkg/client/clientset_generated/clientset/typed/machine/v1beta1",
    "pkg/controller/error",
    "pkg/controller/machine",
    "pkg/controller/node",
    "pkg/controller/noderefutil",
    "pkg/errors",
    "pkg/util",
  ]
  pruneopts = "T"
  revision = "72ebbaa0456c052d886259dc26420644178a0c5f"

[[projects]]
  branch = "master"
  digest = "1:3247b963f680c21d5a7158bb4720a20b39f32eeba8e09a5bb62aebfa13d68146"
  name = "github.com/openshift/cluster-api-actuator-pkg"
  packages = [
    "pkg/e2e/framework",
    "pkg/manifests",
    "pkg/types",
  ]
  pruneopts = "T"
  revision = "7628df78fb4c697fd8244495271b45af95a2184a"

[[projects]]
  branch = "master"
  digest = "1:cb132e60e344454634058d08ddabe58608e2402cac2974786e7d8e2e0c56a15a"
  name = "github.com/openshift/cluster-autoscaler-operator"
  packages = [
    "pkg/apis",
    "pkg/apis/autoscaling/v1",
    "pkg/apis/autoscaling/v1beta1",
  ]
  pruneopts = "T"
  revision = "62768a6ba48010d12c4d86b8b06689a6970a7841"

[[projects]]
  branch = "master"
  digest = "1:b79de44700bc7fc32b4f898e283754fa027616f87074be1cf65a7be5a961cc85"
  name = "github.com/openshift/kubernetes-drain"
  packages = ["."]
  pruneopts = "T"
  revision = "4b061affbd00bfc62036a5cd3a57493db6c94151"

[[projects]]
  digest = "1:b8fec16794e7d426d17af8c201367278369aee7ea1de19d6c1b701787e03df79"
  name = "github.com/openshift/machine-api-operator"
  packages = [
    "pkg/apis/healthchecking",
    "pkg/apis/healthchecking/v1alpha1",
    "pkg/generated/clientset/versioned",
    "pkg/generated/clientset/versioned/scheme",
    "pkg/generated/clientset/versioned/typed/healthchecking/v1alpha1",
    "pkg/util/conditions",
  ]
  pruneopts = "T"
  revision = "9650e16c98802a4b57b7551201b0973fcae2f738"

[[projects]]
  digest = "1:e5d0bd87abc2781d14e274807a470acd180f0499f8bf5bb18606e9ec22ad9de9"
  name = "github.com/pborman/uuid"
  packages = ["."]
  pruneopts = "T"
  revision = "adf5a7427709b9deb95d29d3fa8a2bf9cfd388f1"
  version = "v1.2"

[[projects]]
  digest = "1:40e195917a951a8bf867cd05de2a46aaf1806c50cf92eebf4c16f78cd196f747"
  name = "github.com/pkg/errors"
  packages = ["."]
  pruneopts = "T"
  revision = "645ef00459ed84a119197bfb8d8205042c6df63d"
  version = "v0.8.0"

[[projects]]
  digest = "1:22aa691fe0213cb5c07d103f9effebcb7ad04bee45a0ce5fe5369d0ca2ec3a1f"
  name = "github.com/pmezard/go-difflib"
  packages = ["difflib"]
  pruneopts = "T"
  revision = "792786c7400a136282c1664665ae0a8db921c6c2"
  version = "v1.0.0"

[[projects]]
  digest = "1:3b5729e3fc486abc6fc16ce026331c3d196e788c3b973081ecf5d28ae3e1050d"
  name = "github.com/prometheus/client_golang"
  packages = [
    "prometheus",
    "prometheus/internal",
    "prometheus/promhttp",
  ]
  pruneopts = "T"
  revision = "505eaef017263e299324067d40ca2c48f6a2cf50"
  version = "v0.9.2"

[[projects]]
  branch = "master"
  digest = "1:cd67319ee7536399990c4b00fae07c3413035a53193c644549a676091507cadc"
  name = "github.com/prometheus/client_model"
  packages = ["go"]
  pruneopts = "T"
  revision = "fd36f4220a901265f90734c3183c5f0c91daa0b8"

[[projects]]
  branch = "master"
  digest = "1:2d9b03513fadf4adf193b3570f5ef65ee57b658d9f11e901a06d17baf2bdc88b"
  name = "github.com/prometheus/common"
  packages = [
    "expfmt",
    "internal/bitbucket.org/ww/goautoneg",
    "log",
    "model",
  ]
  pruneopts = "T"
  revision = "7e9e6cabbd393fc208072eedef99188d0ce788b6"

[[projects]]
  branch = "master"
  digest = "1:153fa77f4bcfe15004fbc0f1f25c0be66504febd2a2e551640ac355c29bcf7fc"
  name = "github.com/prometheus/procfs"
  packages = [
    ".",
    "internal/util",
    "nfs",
    "xfs",
  ]
  pruneopts = "T"
  revision = "f8d8b3f739bd91a7c0462cb55235ef63c79c9abc"

[[projects]]
  digest = "1:a204f9aa04d3305be0d4d8f69f42aee6c649a8f9f9a8dbbbaff54bdad5ce50c7"
  name = "github.com/sirupsen/logrus"
  packages = ["."]
  pruneopts = "T"
  revision = "bcd833dfe83d3cebad139e4a29ed79cb2318bf95"
  version = "v1.2.0"

[[projects]]
  digest = "1:b7bf9fd95d38ebe6726a63b7d0320611f7c920c64e2c8313eba0cec51926bf55"
  name = "github.com/spf13/afero"
  packages = [
    ".",
    "mem",
  ]
  pruneopts = "T"
  revision = "d40851caa0d747393da1ffb28f7f9d8b4eeffebd"
  version = "v1.1.2"

[[projects]]
  digest = "1:8be8b3743fc9795ec21bbd3e0fc28ff6234018e1a269b0a7064184be95ac13e0"
  name = "github.com/spf13/cobra"
  packages = ["."]
  pruneopts = "T"
  revision = "ef82de70bb3f60c65fb8eebacbb2d122ef517385"
  version = "v0.0.3"

[[projects]]
  digest = "1:0f775ea7a72e30d5574267692aaa9ff265aafd15214a7ae7db26bc77f2ca04dc"
  name = "github.com/spf13/pflag"
  packages = ["."]
  pruneopts = "T"
  revision = "298182f68c66c05229eb03ac171abe6e309ee79a"
  version = "v1.0.3"

[[projects]]
  digest = "1:e95496462101745805bd4e041a5b841e108c7cf761264d53648246308de2761e"
  name = "github.com/stretchr/testify"
  packages = ["assert"]
  pruneopts = "T"
  revision = "f35b8ab0b5a2cef36673838d662e249dd9c94686"
  version = "v1.2.2"

[[projects]]
  branch = "master"
  digest = "1:482ae811efe307bd9d00f66de80385fba51325054f8ff573e894185e72441f08"
  name = "golang.org/x/crypto"
  packages = [
    "curve25519",
    "ed25519",
    "ed25519/internal/edwards25519",
    "internal/chacha20",
    "internal/subtle",
    "poly1305",
    "ssh",
    "ssh/terminal",
  ]
  pruneopts = "T"
  revision = "4d3f4d9ffa16a13f451c3b2999e9c49e9750bf06"

[[projects]]
  branch = "master"
  digest = "1:318f8c765f1f78bd5554451078c4c6426560ba37162a10c44e2506cceb7f0d9b"
  name = "golang.org/x/net"
  packages = [
    "context",
    "context/ctxhttp",
    "html",
    "html/atom",
    "html/charset",
    "http/httpguts",
    "http2",
    "http2/hpack",
    "idna",
  ]
  pruneopts = "T"
  revision = "c44066c5c816ec500d459a2a324a753f78531ae0"

[[projects]]
  branch = "master"
  digest = "1:5892665552995c4c5fed72f98848c4fb0f293f2976dc26686adc66fd2ba66d31"
  name = "golang.org/x/oauth2"
  packages = [
    ".",
    "google",
    "internal",
    "jws",
    "jwt",
  ]
  pruneopts = "T"
  revision = "8527f56f71077909d6ead7facfe18fbf05ebdf83"

[[projects]]
  branch = "master"
  digest = "1:45338ae017da374291efa3e84ee143e573e791a07ec104e651f213b3dce0eb14"
  name = "golang.org/x/sys"
  packages = [
    "unix",
    "windows",
    "windows/registry",
    "windows/svc/eventlog",
  ]
  pruneopts = "T"
  revision = "9b800f95dbbc54abff0acf7ee32d88ba4e328c89"

[[projects]]
  digest = "1:6164911cb5e94e8d8d5131d646613ff82c14f5a8ce869de2f6d80d9889df8c5a"
  name = "golang.org/x/text"
  packages = [
    "collate",
    "collate/build",
    "encoding",
    "encoding/charmap",
    "encoding/htmlindex",
    "encoding/internal",
    "encoding/internal/identifier",
    "encoding/japanese",
    "encoding/korean",
    "encoding/simplifiedchinese",
    "encoding/traditionalchinese",
    "encoding/unicode",
    "internal/colltab",
    "internal/gen",
    "internal/tag",
    "internal/triegen",
    "internal/ucd",
    "internal/utf8internal",
    "language",
    "runes",
    "secure/bidirule",
    "transform",
    "unicode/bidi",
    "unicode/cldr",
    "unicode/norm",
    "unicode/rangetable",
    "width",
  ]
  pruneopts = "T"
  revision = "f21a4dfb5e38f5895301dc265a8def02365cc3d0"
  version = "v0.3.0"

[[projects]]
  branch = "master"
  digest = "1:59a73243379bd5412feb268ec3d9ec0c55acb596ce15fdf937ec29ea6dab441f"
  name = "golang.org/x/time"
  packages = ["rate"]
  pruneopts = "T"
  revision = "fbb02b2291d28baffd63558aa44b4b56f178d650"

[[projects]]
  branch = "master"
  digest = "1:eb3e5c9c34504df57ba8514013ace378c2a4c5b2734699f4cfca8cf5d159b7c2"
  name = "golang.org/x/tools"
  packages = [
    "go/ast/astutil",
    "imports",
    "internal/fastwalk",
    "internal/gopathwalk",
  ]
  pruneopts = "T"
  revision = "45ff765b4815d34d8b80220fd05c79063b185ce1"

[[projects]]
  digest = "1:193075fba81bbed6bbb7909249582de60770f5e67ed1c9321f4eeb2d9b56c7a4"
  name = "google.golang.org/appengine"
  packages = [
    ".",
    "internal",
    "internal/app_identity",
    "internal/base",
    "internal/datastore",
    "internal/log",
    "internal/modules",
    "internal/remote_api",
    "internal/urlfetch",
    "urlfetch",
  ]
  pruneopts = "T"
  revision = "ae0ab99deb4dc413a2b4bd6c8bdd0eb67f1e4d06"
  version = "v1.2.0"

[[projects]]
  digest = "1:79bb23751a6a8aaee4a780d0f0a16f43560efb557d53ffc713dc05f20dd4c2bf"
  name = "gopkg.in/alecthomas/kingpin.v2"
  packages = ["."]
  pruneopts = "T"
  revision = "947dcec5ba9c011838740e680966fd7087a71d0d"
  version = "v2.2.6"

[[projects]]
  digest = "1:7fc160b460a6fc506b37fcca68332464c3f2cd57b6e3f111f26c5bbfd2d5518e"
  name = "gopkg.in/fsnotify.v1"
  packages = ["."]
  pruneopts = "T"
  revision = "c2828203cd70a50dcccfb2761f8b1f8ceef9a8e9"
  source = "https://github.com/fsnotify/fsnotify.git"
  version = "v1.4.7"

[[projects]]
  digest = "1:2d1fbdc6777e5408cabeb02bf336305e724b925ff4546ded0fa8715a7267922a"
  name = "gopkg.in/inf.v0"
  packages = ["."]
  pruneopts = "T"
  revision = "d2d2541c53f18d2a059457998ce2876cc8e67cbf"
  version = "v0.9.1"

[[projects]]
  branch = "v1"
  digest = "1:0caa92e17bc0b65a98c63e5bc76a9e844cd5e56493f8fdbb28fad101a16254d9"
  name = "gopkg.in/tomb.v1"
  packages = ["."]
  pruneopts = "T"
  revision = "dd632973f1e7218eb1089048e0798ec9ae7dceb8"

[[projects]]
  digest = "1:342378ac4dcb378a5448dd723f0784ae519383532f5e70ade24132c4c8693202"
  name = "gopkg.in/yaml.v2"
  packages = ["."]
  pruneopts = "T"
  revision = "5420a8b6744d3b0345ab293f6fcba19c978f1183"
  version = "v2.2.1"

[[projects]]
  digest = "1:bbd4fd8b2a8a552b0c8ac509c3993c83c22897804bb262ae176e6bd202ab9f6b"
  name = "k8s.io/api"
  packages = [
    "admission/v1beta1",
    "admissionregistration/v1beta1",
    "apps/v1",
    "apps/v1beta1",
    "apps/v1beta2",
    "auditregistration/v1alpha1",
    "authentication/v1",
    "authentication/v1beta1",
    "authorization/v1",
    "authorization/v1beta1",
    "autoscaling/v1",
    "autoscaling/v2beta1",
    "autoscaling/v2beta2",
    "batch/v1",
    "batch/v1beta1",
    "batch/v2alpha1",
    "certificates/v1beta1",
    "coordination/v1",
    "coordination/v1beta1",
    "core/v1",
    "events/v1beta1",
    "extensions/v1beta1",
    "networking/v1",
    "networking/v1beta1",
    "node/v1alpha1",
    "node/v1beta1",
    "policy/v1beta1",
    "rbac/v1",
    "rbac/v1alpha1",
    "rbac/v1beta1",
    "scheduling/v1",
    "scheduling/v1alpha1",
    "scheduling/v1beta1",
    "settings/v1alpha1",
    "storage/v1",
    "storage/v1alpha1",
    "storage/v1beta1",
  ]
  pruneopts = "T"
  revision = "6e4e0e4f393bf5e8bbff570acd13217aa5a770cd"
  version = "kubernetes-1.14.1"

[[projects]]
  digest = "1:1f6bc48bbe26c234a28657428a6c8e8ab54d370b87ffafb192192d516a9877e8"
  name = "k8s.io/apiextensions-apiserver"
  packages = [
    "pkg/apis/apiextensions",
    "pkg/apis/apiextensions/v1beta1",
    "pkg/client/clientset/clientset",
    "pkg/client/clientset/clientset/scheme",
    "pkg/client/clientset/clientset/typed/apiextensions/v1beta1",
  ]
  pruneopts = "T"
  revision = "727a075fdec8319bf095330e344b3ccc668abc73"
  version = "kubernetes-1.14.1"

[[projects]]
  digest = "1:e0ec21060953ced38018fae667796890cd67dac80f969eec1634ff5ecfcf59a8"
  name = "k8s.io/apimachinery"
  packages = [
    "pkg/api/equality",
    "pkg/api/errors",
    "pkg/api/meta",
    "pkg/api/resource",
    "pkg/apis/meta/internalversion",
    "pkg/apis/meta/v1",
    "pkg/apis/meta/v1/unstructured",
    "pkg/apis/meta/v1/validation",
    "pkg/apis/meta/v1beta1",
    "pkg/conversion",
    "pkg/conversion/queryparams",
    "pkg/fields",
    "pkg/labels",
    "pkg/runtime",
    "pkg/runtime/schema",
    "pkg/runtime/serializer",
    "pkg/runtime/serializer/json",
    "pkg/runtime/serializer/protobuf",
    "pkg/runtime/serializer/recognizer",
    "pkg/runtime/serializer/streaming",
    "pkg/runtime/serializer/versioning",
    "pkg/selection",
    "pkg/types",
    "pkg/util/cache",
    "pkg/util/clock",
    "pkg/util/diff",
    "pkg/util/errors",
    "pkg/util/framer",
    "pkg/util/intstr",
    "pkg/util/json",
    "pkg/util/mergepatch",
    "pkg/util/naming",
    "pkg/util/net",
    "pkg/util/rand",
    "pkg/util/runtime",
    "pkg/util/sets",
    "pkg/util/strategicpatch",
    "pkg/util/uuid",
    "pkg/util/validation",
    "pkg/util/validation/field",
    "pkg/util/wait",
    "pkg/util/yaml",
    "pkg/version",
    "pkg/watch",
    "third_party/forked/golang/json",
    "third_party/forked/golang/reflect",
  ]
  pruneopts = "T"
  revision = "6a84e37a896db9780c75367af8d2ed2bb944022e"
  version = "kubernetes-1.14.1"

[[projects]]
  digest = "1:8574daaa2a4643b60706a37e73d304caca2c48f5076b0ab35f694730f98b235e"
  name = "k8s.io/client-go"
  packages = [
    "discovery",
    "dynamic",
    "kubernetes",
    "kubernetes/scheme",
    "kubernetes/typed/admissionregistration/v1beta1",
    "kubernetes/typed/apps/v1",
    "kubernetes/typed/apps/v1beta1",
    "kubernetes/typed/apps/v1beta2",
    "kubernetes/typed/auditregistration/v1alpha1",
    "kubernetes/typed/authentication/v1",
    "kubernetes/typed/authentication/v1beta1",
    "kubernetes/typed/authorization/v1",
    "kubernetes/typed/authorization/v1beta1",
    "kubernetes/typed/autoscaling/v1",
    "kubernetes/typed/autoscaling/v2beta1",
    "kubernetes/typed/autoscaling/v2beta2",
    "kubernetes/typed/batch/v1",
    "kubernetes/typed/batch/v1beta1",
    "kubernetes/typed/batch/v2alpha1",
    "kubernetes/typed/certificates/v1beta1",
    "kubernetes/typed/coordination/v1",
    "kubernetes/typed/coordination/v1beta1",
    "kubernetes/typed/core/v1",
    "kubernetes/typed/events/v1beta1",
    "kubernetes/typed/extensions/v1beta1",
    "kubernetes/typed/networking/v1",
    "kubernetes/typed/networking/v1beta1",
    "kubernetes/typed/node/v1alpha1",
    "kubernetes/typed/node/v1beta1",
    "kubernetes/typed/policy/v1beta1",
    "kubernetes/typed/rbac/v1",
    "kubernetes/typed/rbac/v1alpha1",
    "kubernetes/typed/rbac/v1beta1",
    "kubernetes/typed/scheduling/v1",
    "kubernetes/typed/scheduling/v1alpha1",
    "kubernetes/typed/scheduling/v1beta1",
    "kubernetes/typed/settings/v1alpha1",
    "kubernetes/typed/storage/v1",
    "kubernetes/typed/storage/v1alpha1",
    "kubernetes/typed/storage/v1beta1",
    "pkg/apis/clientauthentication",
    "pkg/apis/clientauthentication/v1alpha1",
    "pkg/apis/clientauthentication/v1beta1",
    "pkg/version",
    "plugin/pkg/client/auth/exec",
    "plugin/pkg/client/auth/gcp",
    "rest",
    "rest/watch",
    "restmapper",
    "testing",
    "third_party/forked/golang/template",
    "tools/auth",
    "tools/cache",
    "tools/clientcmd",
    "tools/clientcmd/api",
    "tools/clientcmd/api/latest",
    "tools/clientcmd/api/v1",
    "tools/leaderelection",
    "tools/leaderelection/resourcelock",
    "tools/metrics",
    "tools/pager",
    "tools/record",
    "tools/record/util",
    "tools/reference",
    "transport",
    "util/cert",
    "util/connrotation",
    "util/flowcontrol",
    "util/homedir",
    "util/jsonpath",
    "util/keyutil",
    "util/retry",
    "util/workqueue",
  ]
  pruneopts = "T"
  revision = "1a26190bd76a9017e289958b9fba936430aa3704"
  version = "kubernetes-1.14.1"

[[projects]]
  digest = "1:2d821667dbd520a7ef31bdc923543f197ba30021b4317fd8871618ada52f23b0"
  name = "k8s.io/code-generator"
  packages = [
    "cmd/deepcopy-gen",
    "cmd/deepcopy-gen/args",
    "pkg/util",
  ]
  pruneopts = "T"
  revision = "50b561225d70b3eb79a1faafd3dfe7b1a62cbe73"
  version = "kubernetes-1.14.1"

[[projects]]
  branch = "master"
  digest = "1:06449c9193d3d1f9375b97d1ce8a3f7a59d531c69ca34a6b0663cf3c144c2178"
  name = "k8s.io/gengo"
  packages = [
    "args",
    "examples/deepcopy-gen/generators",
    "examples/set-gen/sets",
    "generator",
    "namer",
    "parser",
    "types",
  ]
  pruneopts = "T"
  revision = "e17681d19d3ac4837a019ece36c2a0ec31ffe985"

[[projects]]
  digest = "1:7a3ef99d492d30157b8e933624a8f0292b4cee5934c23269f7640c8030eb83cd"
  name = "k8s.io/klog"
  packages = ["."]
  pruneopts = "T"
  revision = "a5bc97fbc634d635061f3146511332c7e313a55a"
  version = "v0.1.0"

[[projects]]
  branch = "master"
  digest = "1:152cd19bedf58a86d6b8b9ca42a428e4f16a9415f81e248a800b6a46c77dc486"
  name = "k8s.io/kube-openapi"
  packages = [
    "pkg/common",
    "pkg/util/proto",
  ]
  pruneopts = "T"
  revision = "72693cb1fadd73ae2742f6fe29af77d1aecdd8cd"

[[projects]]
  branch = "master"
  digest = "1:50d36d11cbcdc86bca9c3eede8bf7bee9947e2f350b3013a28282edf8d6e8b58"
  name = "k8s.io/utils"
  packages = [
    "buffer",
    "integer",
    "trace",
  ]
  pruneopts = "T"
  revision = "21c4ce38f2a793ec01e925ddc31216500183b773"

[[projects]]
  digest = "1:732e120b57c01e9bd3ad9a29cd55606d95cfc3c0d3a230fa1ac123c6ebf83824"
  name = "sigs.k8s.io/controller-runtime"
  packages = [
    "pkg/cache",
    "pkg/cache/internal",
    "pkg/client",
    "pkg/client/apiutil",
    "pkg/client/config",
    "pkg/client/fake",
    "pkg/controller",
    "pkg/conversion",
    "pkg/event",
    "pkg/handler",
    "pkg/internal/controller",
    "pkg/internal/controller/metrics",
    "pkg/internal/log",
    "pkg/internal/objectutil",
    "pkg/internal/recorder",
    "pkg/leaderelection",
    "pkg/log",
    "pkg/manager",
    "pkg/manager/signals",
    "pkg/metrics",
    "pkg/predicate",
    "pkg/reconcile",
    "pkg/recorder",
    "pkg/runtime/inject",
    "pkg/runtime/signals",
    "pkg/scheme",
    "pkg/source",
    "pkg/source/internal",
    "pkg/webhook",
    "pkg/webhook/admission",
    "pkg/webhook/conversion",
    "pkg/webhook/internal/certwatcher",
    "pkg/webhook/internal/metrics",
  ]
  pruneopts = "T"
  revision = "96b67f231945a8e8550dbdd8bfbd550a0c68097b"

[[projects]]
  digest = "1:92290e452e328ffe6bd62f969e51d3aadd57a30a68b5fcf31ccdeda62068bb5d"
  name = "sigs.k8s.io/controller-tools"
  packages = [
    "cmd/controller-gen",
    "pkg/crd/generator",
    "pkg/crd/util",
    "pkg/generate/rbac",
    "pkg/internal/codegen",
    "pkg/internal/codegen/parse",
    "pkg/util",
  ]
  pruneopts = "T"
  revision = "38b2f3f497ed6b8ea5d2844ecf00c28ac4b5c2c4"
  version = "v0.1.6"

[[projects]]
  branch = "master"
  digest = "1:fd7fb0f1f6e3259ec03c9730c675f7c97bcbd9d2a1037364734b197eaa76eee7"
  name = "sigs.k8s.io/testing_frameworks"
  packages = [
    "integration",
    "integration/internal",
  ]
  pruneopts = "T"
  revision = "5818a3a284a11812aaed11d5ca0bcadec2c50e83"

[[projects]]
  digest = "1:7719608fe0b52a4ece56c2dde37bedd95b938677d1ab0f84b8a7852e4c59f849"
  name = "sigs.k8s.io/yaml"
  packages = ["."]
  pruneopts = "T"
  revision = "fd68e9863619f6ec2fdd8625fe1f02e7c877e480"
  version = "v1.1.0"

[solve-meta]
  analyzer-name = "dep"
  analyzer-version = 1
  input-imports = [
    "github.com/aws/aws-sdk-go/aws",
    "github.com/aws/aws-sdk-go/aws/credentials",
    "github.com/aws/aws-sdk-go/aws/request",
    "github.com/aws/aws-sdk-go/aws/session",
    "github.com/aws/aws-sdk-go/service/ec2",
    "github.com/aws/aws-sdk-go/service/ec2/ec2iface",
    "github.com/aws/aws-sdk-go/service/elb",
    "github.com/aws/aws-sdk-go/service/elb/elbiface",
    "github.com/aws/aws-sdk-go/service/elbv2",
    "github.com/aws/aws-sdk-go/service/elbv2/elbv2iface",
    "github.com/blang/semver",
    "github.com/emicklei/go-restful",
    "github.com/ghodss/yaml",
    "github.com/golang/glog",
    "github.com/golang/mock/gomock",
    "github.com/onsi/ginkgo",
    "github.com/onsi/gomega",
    "github.com/openshift/api/config/v1",
    "github.com/openshift/cluster-api-actuator-pkg/pkg/e2e/framework",
    "github.com/openshift/cluster-api-actuator-pkg/pkg/manifests",
    "github.com/openshift/cluster-api-actuator-pkg/pkg/types",
    "github.com/openshift/cluster-api/pkg/apis",
    "github.com/openshift/cluster-api/pkg/apis/cluster/v1alpha1",
    "github.com/openshift/cluster-api/pkg/apis/machine/v1beta1",
    "github.com/openshift/cluster-api/pkg/controller/error",
    "github.com/openshift/cluster-api/pkg/controller/machine",
    "github.com/openshift/cluster-api/pkg/errors",
    "github.com/openshift/cluster-autoscaler-operator/pkg/apis",
    "github.com/prometheus/common/log",
    "github.com/spf13/cobra",
    "github.com/spf13/pflag",
    "github.com/stretchr/testify/assert",
    "golang.org/x/net/context",
    "k8s.io/api/core/v1",
    "k8s.io/apiextensions-apiserver/pkg/apis/apiextensions/v1beta1",
    "k8s.io/apimachinery/pkg/api/equality",
    "k8s.io/apimachinery/pkg/apis/meta/v1",
    "k8s.io/apimachinery/pkg/labels",
    "k8s.io/apimachinery/pkg/runtime",
    "k8s.io/apimachinery/pkg/runtime/schema",
    "k8s.io/apimachinery/pkg/runtime/serializer",
    "k8s.io/apimachinery/pkg/types",
    "k8s.io/apimachinery/pkg/util/errors",
    "k8s.io/apimachinery/pkg/util/uuid",
    "k8s.io/apimachinery/pkg/util/wait",
    "k8s.io/client-go/kubernetes",
    "k8s.io/client-go/kubernetes/scheme",
    "k8s.io/client-go/plugin/pkg/client/auth/gcp",
    "k8s.io/client-go/rest",
    "k8s.io/client-go/tools/record",
    "k8s.io/code-generator/cmd/deepcopy-gen",
    "k8s.io/klog",
    "sigs.k8s.io/controller-runtime/pkg/client",
    "sigs.k8s.io/controller-runtime/pkg/client/config",
    "sigs.k8s.io/controller-runtime/pkg/client/fake",
    "sigs.k8s.io/controller-runtime/pkg/controller",
    "sigs.k8s.io/controller-runtime/pkg/handler",
    "sigs.k8s.io/controller-runtime/pkg/manager",
    "sigs.k8s.io/controller-runtime/pkg/runtime/signals",
    "sigs.k8s.io/controller-runtime/pkg/scheme",
    "sigs.k8s.io/controller-runtime/pkg/source",
    "sigs.k8s.io/controller-tools/cmd/controller-gen",
    "sigs.k8s.io/testing_frameworks/integration",
  ]
  solver-name = "gps-cdcl"
  solver-version = 1
