version = 1
revision = 3
requires-python = ">=3.9"
resolution-markers = [
    "python_full_version >= '3.10'",
    "python_full_version < '3.10'",
]

[[package]]
name = "boto3"
version = "1.42.97"
source = { registry = "https://pypi.org/simple" }
resolution-markers = [
    "python_full_version < '3.10'",
]
dependencies = [
    { name = "botocore", version = "1.42.97", source = { registry = "https://pypi.org/simple" }, marker = "python_full_version < '3.10'" },
    { name = "jmespath", marker = "python_full_version < '3.10'" },
    { name = "s3transfer", version = "0.16.1", source = { registry = "https://pypi.org/simple" }, marker = "python_full_version < '3.10'" },
]
sdist = { url = "https://files.pythonhosted.org/packages/55/7d/5c6fa0bb9fd5caf865b9356411793900304328bcd0bc1eda96a32a1368a6/boto3-1.42.97.tar.gz", hash = "sha256:2833dbeda3670ea610ad48dff7d27cdc829dbbfcdfbc6b750b673948e949b6f0", size = 113217, upload-time = "2026-04-27T20:39:17.646Z" }
wheels = [
    { url = "https://files.pythonhosted.org/packages/38/43/84c1888139aa1aaf1dc53f8f914e6ec629e5a571fbafdd42fb2d98ac361f/boto3-1.42.97-py3-none-any.whl", hash = "sha256:966e49f0510af9a64057a902b7df53d4348c447de0d3df4cc855dfd85e058fcd", size = 140556, upload-time = "2026-04-27T20:39:15.509Z" },
]

[[package]]
name = "boto3"
version = "1.43.33"
source = { registry = "https://pypi.org/simple" }
resolution-markers = [
    "python_full_version >= '3.10'",
]
dependencies = [
    { name = "botocore", version = "1.43.33", source = { registry = "https://pypi.org/simple" }, marker = "python_full_version >= '3.10'" },
    { name = "jmespath", marker = "python_full_version >= '3.10'" },
    { name = "s3transfer", version = "0.19.0", source = { registry = "https://pypi.org/simple" }, marker = "python_full_version >= '3.10'" },
]
sdist = { url = "https://files.pythonhosted.org/packages/10/9d/794d03504b8c72bf978a1ef93bc9e7d0867951bf5fbbe50881cd50fb26d5/boto3-1.43.33.tar.gz", hash = "sha256:da6e400b2d11eb041fbbb2743ef3ffe6540889676ffdff0e628628e9b4f04cde", size = 113152, upload-time = "2026-06-18T19:35:00.57Z" }
wheels = [
    { url = "https://files.pythonhosted.org/packages/b1/42/bb88180fe1e46f77fe9507083a256dad243747e29aa0f2fbf6ff421b4132/boto3-1.43.33-py3-none-any.whl", hash = "sha256:97b563127f7678ad20249f9bf99877b7a3a78f6fcdcf222c6e25d27d4406ce0d", size = 140534, upload-time = "2026-06-18T19:34:58.062Z" },
]

[[package]]
name = "botocore"
version = "1.42.97"
source = { registry = "https://pypi.org/simple" }
resolution-markers = [
    "python_full_version < '3.10'",
]
dependencies = [
    { name = "jmespath", marker = "python_full_version < '3.10'" },
    { name = "python-dateutil", marker = "python_full_version < '3.10'" },
    { name = "urllib3", version = "1.26.20", source = { registry = "https://pypi.org/simple" }, marker = "python_full_version < '3.10'" },
]
sdist = { url = "https://files.pythonhosted.org/packages/c6/95/c37edb602948fad2253ffd1bb3dba5b938645bd1845ee4160350136a0f41/botocore-1.42.97.tar.gz", hash = "sha256:5c0bb00e32d16ff6d278cc8c9e10dc3672d9c1d569031635ac3c908a60de8310", size = 15269348, upload-time = "2026-04-27T20:39:05.625Z" }
wheels = [
    { url = "https://files.pythonhosted.org/packages/e3/d2/8e025ba1a4e257879af72d06913272311af79673d82fa2581a351b924317/botocore-1.42.97-py3-none-any.whl", hash = "sha256:77d2c8ce1bc592d3fbd7c01c35836f4a5b0cac2ca03ccdf6ffc60faa16b5fadc", size = 14950367, upload-time = "2026-04-27T20:39:01.261Z" },
]

[[package]]
name = "botocore"
version = "1.43.33"
source = { registry = "https://pypi.org/simple" }
resolution-markers = [
    "python_full_version >= '3.10'",
]
dependencies = [
    { name = "jmespath", marker = "python_full_version >= '3.10'" },
    { name = "python-dateutil", marker = "python_full_version >= '3.10'" },
    { name = "urllib3", version = "2.7.0", source = { registry = "https://pypi.org/simple" }, marker = "python_full_version >= '3.10'" },
]
sdist = { url = "https://files.pythonhosted.org/packages/20/d5/8ec6df4e82bec2be4ac417f542736dc6cfe89152693337152421b336eb71/botocore-1.43.33.tar.gz", hash = "sha256:74b3d5626ebeb2677fac1ca12ac975faf328e54349ceb4dcda17f50674d5b9b4", size = 15586539, upload-time = "2026-06-18T19:34:48.44Z" }
wheels = [
    { url = "https://files.pythonhosted.org/packages/a1/f5/55fc2d15a81ae39115ebcf8db876f54e78f834446b468e178c9de8e7977e/botocore-1.43.33-py3-none-any.whl", hash = "sha256:4292bb2cc645e5cb404515c54b5b164563f2b4218c52aeee3f1ce851724e177a", size = 15272140, upload-time = "2026-06-18T19:34:44.056Z" },
]

[[package]]
name = "deleteamis"
version = "0.1.0"
source = { virtual = "." }
dependencies = [
    { name = "boto3", version = "1.42.97", source = { registry = "https://pypi.org/simple" }, marker = "python_full_version < '3.10'" },
    { name = "boto3", version = "1.43.33", source = { registry = "https://pypi.org/simple" }, marker = "python_full_version >= '3.10'" },
]

[package.metadata]
requires-dist = [{ name = "boto3", specifier = ">=1.34,<2" }]

[[package]]
name = "jmespath"
version = "1.1.0"
source = { registry = "https://pypi.org/simple" }
sdist = { url = "https://files.pythonhosted.org/packages/d3/59/322338183ecda247fb5d1763a6cbe46eff7222eaeebafd9fa65d4bf5cb11/jmespath-1.1.0.tar.gz", hash = "sha256:472c87d80f36026ae83c6ddd0f1d05d4e510134ed462851fd5f754c8c3cbb88d", size = 27377, upload-time = "2026-01-22T16:35:26.279Z" }
wheels = [
    { url = "https://files.pythonhosted.org/packages/14/2f/967ba146e6d58cf6a652da73885f52fc68001525b4197effc174321d70b4/jmespath-1.1.0-py3-none-any.whl", hash = "sha256:a5663118de4908c91729bea0acadca56526eb2698e83de10cd116ae0f4e97c64", size = 20419, upload-time = "2026-01-22T16:35:24.919Z" },
]

[[package]]
name = "python-dateutil"
version = "2.9.0.post0"
source = { registry = "https://pypi.org/simple" }
dependencies = [
    { name = "six" },
]
sdist = { url = "https://files.pythonhosted.org/packages/66/c0/0c8b6ad9f17a802ee498c46e004a0eb49bc148f2fd230864601a86dcf6db/python-dateutil-2.9.0.post0.tar.gz", hash = "sha256:37dd54208da7e1cd875388217d5e00ebd4179249f90fb72437e91a35459a0ad3", size = 342432, upload-time = "2024-03-01T18:36:20.211Z" }
wheels = [
    { url = "https://files.pythonhosted.org/packages/ec/57/56b9bcc3c9c6a792fcbaf139543cee77261f3651ca9da0c93f5c1221264b/python_dateutil-2.9.0.post0-py2.py3-none-any.whl", hash = "sha256:a8b2bc7bffae282281c8140a97d3aa9c14da0b136dfe83f850eea9a5f7470427", size = 229892, upload-time = "2024-03-01T18:36:18.57Z" },
]

[[package]]
name = "s3transfer"
version = "0.16.1"
source = { registry = "https://pypi.org/simple" }
resolution-markers = [
    "python_full_version < '3.10'",
]
dependencies = [
    { name = "botocore", version = "1.42.97", source = { registry = "https://pypi.org/simple" }, marker = "python_full_version < '3.10'" },
]
sdist = { url = "https://files.pythonhosted.org/packages/46/29/af14f4ef3c11a50435308660e2cc68761c9a7742475e0585cd4396b91777/s3transfer-0.16.1.tar.gz", hash = "sha256:8e424355754b9ccb32467bdc568edf55be82692ef2002d934b1311dbb3b9e524", size = 154801, upload-time = "2026-04-22T20:36:06.475Z" }
wheels = [
    { url = "https://files.pythonhosted.org/packages/03/19/90d7d4ed51932c022d53f1d02d564b62d10e272692a1f9b76425c1ad2a02/s3transfer-0.16.1-py3-none-any.whl", hash = "sha256:61bcd00ccb83b21a0fe7e91a553fff9729d46c83b4e0106e7c314a733891f7c2", size = 86825, upload-time = "2026-04-22T20:36:04.992Z" },
]

[[package]]
name = "s3transfer"
version = "0.19.0"
source = { registry = "https://pypi.org/simple" }
resolution-markers = [
    "python_full_version >= '3.10'",
]
dependencies = [
    { name = "botocore", version = "1.43.33", source = { registry = "https://pypi.org/simple" }, marker = "python_full_version >= '3.10'" },
]
sdist = { url = "https://files.pythonhosted.org/packages/f6/94/dcdaeb1713cab9c84def276cfac7388b17c7d9855bbcfe88d77e4dbafd44/s3transfer-0.19.0.tar.gz", hash = "sha256:ce436931687addc4c1712d52d40b32f53e88315723f107ffa20ba82b05a0f685", size = 165171, upload-time = "2026-06-16T19:44:51.599Z" }
wheels = [
    { url = "https://files.pythonhosted.org/packages/46/5f/4c174edad94f82de888ac00a5ddd8d07b35609b6c94f0bdf4d74af57703e/s3transfer-0.19.0-py3-none-any.whl", hash = "sha256:777cc2415536f1debadb5c2ef7779275d0fc0fe0e042411cdd6caebeb2685262", size = 90101, upload-time = "2026-06-16T19:44:50.439Z" },
]

[[package]]
name = "six"
version = "1.17.0"
source = { registry = "https://pypi.org/simple" }
sdist = { url = "https://files.pythonhosted.org/packages/94/e7/b2c673351809dca68a0e064b6af791aa332cf192da575fd474ed7d6f16a2/six-1.17.0.tar.gz", hash = "sha256:ff70335d468e7eb6ec65b95b99d3a2836546063f63acc5171de367e834932a81", size = 34031, upload-time = "2024-12-04T17:35:28.174Z" }
wheels = [
    { url = "https://files.pythonhosted.org/packages/b7/ce/149a00dd41f10bc29e5921b496af8b574d8413afcd5e30dfa0ed46c2cc5e/six-1.17.0-py2.py3-none-any.whl", hash = "sha256:4721f391ed90541fddacab5acf947aa0d3dc7d27b2e1e8eda2be8970586c3274", size = 11050, upload-time = "2024-12-04T17:35:26.475Z" },
]

[[package]]
name = "urllib3"
version = "1.26.20"
source = { registry = "https://pypi.org/simple" }
resolution-markers = [
    "python_full_version < '3.10'",
]
sdist = { url = "https://files.pythonhosted.org/packages/e4/e8/6ff5e6bc22095cfc59b6ea711b687e2b7ed4bdb373f7eeec370a97d7392f/urllib3-1.26.20.tar.gz", hash = "sha256:40c2dc0c681e47eb8f90e7e27bf6ff7df2e677421fd46756da1161c39ca70d32", size = 307380, upload-time = "2024-08-29T15:43:11.37Z" }
wheels = [
    { url = "https://files.pythonhosted.org/packages/33/cf/8435d5a7159e2a9c83a95896ed596f68cf798005fe107cc655b5c5c14704/urllib3-1.26.20-py2.py3-none-any.whl", hash = "sha256:0ed14ccfbf1c30a9072c7ca157e4319b70d65f623e91e7b32fadb2853431016e", size = 144225, upload-time = "2024-08-29T15:43:08.921Z" },
]

[[package]]
name = "urllib3"
version = "2.7.0"
source = { registry = "https://pypi.org/simple" }
resolution-markers = [
    "python_full_version >= '3.10'",
]
sdist = { url = "https://files.pythonhosted.org/packages/53/0c/06f8b233b8fd13b9e5ee11424ef85419ba0d8ba0b3138bf360be2ff56953/urllib3-2.7.0.tar.gz", hash = "sha256:231e0ec3b63ceb14667c67be60f2f2c40a518cb38b03af60abc813da26505f4c", size = 433602, upload-time = "2026-05-07T16:13:18.596Z" }
wheels = [
    { url = "https://files.pythonhosted.org/packages/7f/3e/5db95bcf282c52709639744ca2a8b149baccf648e39c8cc87553df9eae0c/urllib3-2.7.0-py3-none-any.whl", hash = "sha256:9fb4c81ebbb1ce9531cce37674bbc6f1360472bc18ca9a553ede278ef7276897", size = 131087, upload-time = "2026-05-07T16:13:17.151Z" },
]
